
Microsoft Visual Studio Solution File, Format Version 12.00
# Visual Studio Version 16
VisualStudioVersion = 16.0.29123.88
MinimumVisualStudioVersion = 10.0.40219.1
Project("{FAE04EC0-301F-11D3-BF4B-00C04F79EFBC}") = "ex2_20190808", "ex2_20190808\ex2_20190808.csproj", "{C8CD7B2D-CE5A-4B11-8022-6ECF27466A91}"
EndProject
Global
	GlobalSection(SolutionConfigurationPlatforms) = preSolution
		Debug|Any CPU = Debug|Any CPU
		Release|Any CPU = Release|Any CPU
	EndGlobalSection
	GlobalSection(ProjectConfigurationPlatforms) = postSolution
		{C8CD7B2D-CE5A-4B11-8022-6ECF27466A91}.Debug|Any CPU.ActiveCfg = Debug|Any CPU
		{C8CD7B2D-CE5A-4B11-8022-6ECF27466A91}.Debug|Any CPU.Build.0 = Debug|Any CPU
		{C8CD7B2D-CE5A-4B11-8022-6ECF27466A91}.Release|Any CPU.ActiveCfg = Release|Any CPU
		{C8CD7B2D-CE5A-4B11-8022-6ECF27466A91}.Release|Any CPU.Build.0 = Release|Any CPU
	EndGlobalSection
	GlobalSection(SolutionProperties) = preSolution
		HideSolutionNode = FALSE
	EndGlobalSection
	GlobalSection(ExtensibilityGlobals) = postSolution
		SolutionGuid = {48DFB1D3-CA9B-4009-B0BA-F9F9EA47CFB4}
	EndGlobalSection
EndGlobal
